# THIS IS AN AUTOGENERATED FILE. DO NOT EDIT THIS FILE DIRECTLY.
# yarn lockfile v1


"@playwright/test@^1.31.0":
  version "1.31.0"
  resolved "https://registry.yarnpkg.com/@playwright/test/-/test-1.31.0.tgz#bde42ca06804164be54893525110adda946248d6"
  integrity sha512-Ys5s/06Dg9g3zAIdCIb/UOBYim3U7Zjb3DvC6XBtnRmnglH5O47iwYzmtxXu9fhSyzI2Jn28apkXIOD81GgCdw==
  dependencies:
    "@types/node" "*"
    playwright-core "1.31.0"
  optionalDependencies:
    fsevents "2.3.2"

"@types/node@*":
  version "18.14.0"
  resolved "https://registry.yarnpkg.com/@types/node/-/node-18.14.0.tgz#94c47b9217bbac49d4a67a967fdcdeed89ebb7d0"
  integrity sha512-5EWrvLmglK+imbCJY0+INViFWUHg1AHel1sq4ZVSfdcNqGy9Edv3UB9IIzzg+xPaUcAgZYcfVs2fBcwDeZzU0A==

fsevents@2.3.2:
  version "2.3.2"
  resolved "https://registry.yarnpkg.com/fsevents/-/fsevents-2.3.2.tgz#8a526f78b8fdf4623b709e0b975c52c24c02fd1a"
  integrity sha512-xiqMQR4xAeHTuB9uWm+fFRcIOgKBMiOBP+eXiyT7jsgVCq1bkVygt00oASowB7EdtpOHaaPgKt812P9ab+DDKA==

playwright-core@1.31.0:
  version "1.31.0"
  resolved "https://registry.yarnpkg.com/playwright-core/-/playwright-core-1.31.0.tgz#dbd184771535e76c6743ef5c082def5564f07e85"
  integrity sha512-/KquBjS5DcASCh8cGeNVHuC0kyb7c9plKTwaKxgOGtxT7+DZO2fjmFvPDBSXslEIK5CeOO/2kk5rOCktFXKEdA==
